// !$*UTF8*$!
{
	archiveVersion = 1;
	classes = {
	};
	objectVersion = 48;
	objects = {

/* Begin PBXBuildFile section */
		3F5178752067F68800124FE1 /* main.swift in Sources */ = {isa = PBXBuildFile; fileRef = 3F5178742067F68800124FE1 /* main.swift */; };
		3F9DFF0220752D1600516660 /* Constants.swift in Sources */ = {isa = PBXBuildFile; fileRef = 3F9DFF0120752D1600516660 /* Constants.swift */; };
		3F9DFF042075395100516660 /* Personage.swift in Sources */ = {isa = PBXBuildFile; fileRef = 3F9DFF032075395100516660 /* Personage.swift */; };
		3F9DFF082075AF9700516660 /* Weapon.swift in Sources */ = {isa = PBXBuildFile; fileRef = 3F9DFF072075AF9700516660 /* Weapon.swift */; };
		3F9DFF0C2075B2D700516660 /* Attacker.swift in Sources */ = {isa = PBXBuildFile; fileRef = 3F9DFF0B2075B2D700516660 /* Attacker.swift */; };
		3F9DFF0E2075B3DA00516660 /* Healer.swift in Sources */ = {isa = PBXBuildFile; fileRef = 3F9DFF0D2075B3DA00516660 /* Healer.swift */; };
		3F9DFF1020761EAB00516660 /* PersonageAttacker.swift in Sources */ = {isa = PBXBuildFile; fileRef = 3F9DFF0F20761EAB00516660 /* PersonageAttacker.swift */; };
		3F9DFF1220761FBA00516660 /* PersonageHealer.swift in Sources */ = {isa = PBXBuildFile; fileRef = 3F9DFF1120761FBA00516660 /* PersonageHealer.swift */; };
		3F9DFF1620785FEE00516660 /* WeaponAttack.swift in Sources */ = {isa = PBXBuildFile; fileRef = 3F9DFF1520785FEE00516660 /* WeaponAttack.swift */; };
		3F9DFF182078603300516660 /* WeaponCare.swift in Sources */ = {isa = PBXBuildFile; fileRef = 3F9DFF172078603300516660 /* WeaponCare.swift */; };
		3FFC891D20742354008391E5 /* Game.swift in Sources */ = {isa = PBXBuildFile; fileRef = 3FFC891C20742354008391E5 /* Game.swift */; };
		3FFC891F2074372A008391E5 /* Menu.swift in Sources */ = {isa = PBXBuildFile; fileRef = 3FFC891E2074372A008391E5 /* Menu.swift */; };
/* End PBXBuildFile section */

/* Begin PBXCopyFilesBuildPhase section */
		3F51786F2067F68800124FE1 /* CopyFiles */ = {
			isa = PBXCopyFilesBuildPhase;
			buildActionMask = 2147483647;
			dstPath = /usr/share/man/man1/;
			dstSubfolderSpec = 0;
			files = (
			);
			runOnlyForDeploymentPostprocessing = 1;
		};
/* End PBXCopyFilesBuildPhase section */

/* Begin PBXFileReference section */
		3F5178712067F68800124FE1 /* OCBattles */ = {isa = PBXFileReference; explicitFileType = "compiled.mach-o.executable"; includeInIndex = 0; path = OCBattles; sourceTree = BUILT_PRODUCTS_DIR; };
		3F5178742067F68800124FE1 /* main.swift */ = {isa = PBXFileReference; lastKnownFileType = sourcecode.swift; path = main.swift; sourceTree = "<group>"; };
		3F9DFF0120752D1600516660 /* Constants.swift */ = {isa = PBXFileReference; lastKnownFileType = sourcecode.swift; path = Constants.swift; sourceTree = "<group>"; };
		3F9DFF032075395100516660 /* Personage.swift */ = {isa = PBXFileReference; lastKnownFileType = sourcecode.swift; path = Personage.swift; sourceTree = "<group>"; };
		3F9DFF072075AF9700516660 /* Weapon.swift */ = {isa = PBXFileReference; lastKnownFileType = sourcecode.swift; path = Weapon.swift; sourceTree = "<group>"; };
		3F9DFF0B2075B2D700516660 /* Attacker.swift */ = {isa = PBXFileReference; lastKnownFileType = sourcecode.swift; path = Attacker.swift; sourceTree = "<group>"; };
		3F9DFF0D2075B3DA00516660 /* Healer.swift */ = {isa = PBXFileReference; lastKnownFileType = sourcecode.swift; path = Healer.swift; sourceTree = "<group>"; };
		3F9DFF0F20761EAB00516660 /* PersonageAttacker.swift */ = {isa = PBXFileReference; lastKnownFileType = sourcecode.swift; path = PersonageAttacker.swift; sourceTree = "<group>"; };
		3F9DFF1120761FBA00516660 /* PersonageHealer.swift */ = {isa = PBXFileReference; lastKnownFileType = sourcecode.swift; path = PersonageHealer.swift; sourceTree = "<group>"; };
		3F9DFF1520785FEE00516660 /* WeaponAttack.swift */ = {isa = PBXFileReference; lastKnownFileType = sourcecode.swift; path = WeaponAttack.swift; sourceTree = "<group>"; };
		3F9DFF172078603300516660 /* WeaponCare.swift */ = {isa = PBXFileReference; lastKnownFileType = sourcecode.swift; path = WeaponCare.swift; sourceTree = "<group>"; };
		3FFC891C20742354008391E5 /* Game.swift */ = {isa = PBXFileReference; lastKnownFileType = sourcecode.swift; path = Game.swift; sourceTree = "<group>"; };
		3FFC891E2074372A008391E5 /* Menu.swift */ = {isa = PBXFileReference; lastKnownFileType = sourcecode.swift; path = Menu.swift; sourceTree = "<group>"; };
/* End PBXFileReference section */

/* Begin PBXFrameworksBuildPhase section */
		3F51786E2067F68800124FE1 /* Frameworks */ = {
			isa = PBXFrameworksBuildPhase;
			buildActionMask = 2147483647;
			files = (
			);
			runOnlyForDeploymentPostprocessing = 0;
		};
/* End PBXFrameworksBuildPhase section */

/* Begin PBXGroup section */
		3F5178682067F68800124FE1 = {
			isa = PBXGroup;
			children = (
				3F5178732067F68800124FE1 /* OCBattles */,
				3F5178722067F68800124FE1 /* Products */,
			);
			sourceTree = "<group>";
		};
		3F5178722067F68800124FE1 /* Products */ = {
			isa = PBXGroup;
			children = (
				3F5178712067F68800124FE1 /* OCBattles */,
			);
			name = Products;
			sourceTree = "<group>";
		};
		3F5178732067F68800124FE1 /* OCBattles */ = {
			isa = PBXGroup;
			children = (
				3F9DFF062075AF5300516660 /* Personages */,
				3F9DFF052075AF3F00516660 /* Weapons */,
				3F5178742067F68800124FE1 /* main.swift */,
				3FFC891C20742354008391E5 /* Game.swift */,
				3FFC891E2074372A008391E5 /* Menu.swift */,
				3F9DFF0120752D1600516660 /* Constants.swift */,
			);
			path = OCBattles;
			sourceTree = "<group>";
		};
		3F9DFF052075AF3F00516660 /* Weapons */ = {
			isa = PBXGroup;
			children = (
				3F9DFF072075AF9700516660 /* Weapon.swift */,
				3F9DFF1520785FEE00516660 /* WeaponAttack.swift */,
				3F9DFF172078603300516660 /* WeaponCare.swift */,
			);
			path = Weapons;
			sourceTree = "<group>";
		};
		3F9DFF062075AF5300516660 /* Personages */ = {
			isa = PBXGroup;
			children = (
				3F9DFF032075395100516660 /* Personage.swift */,
				3F9DFF0B2075B2D700516660 /* Attacker.swift */,
				3F9DFF0D2075B3DA00516660 /* Healer.swift */,
				3F9DFF0F20761EAB00516660 /* PersonageAttacker.swift */,
				3F9DFF1120761FBA00516660 /* PersonageHealer.swift */,
			);
			path = Personages;
			sourceTree = "<group>";
		};
/* End PBXGroup section */

/* Begin PBXNativeTarget section */
		3F5178702067F68800124FE1 /* OCBattles */ = {
			isa = PBXNativeTarget;
			buildConfigurationList = 3F5178782067F68800124FE1 /* Build configuration list for PBXNativeTarget "OCBattles" */;
			buildPhases = (
				3F51786D2067F68800124FE1 /* Sources */,
				3F51786E2067F68800124FE1 /* Frameworks */,
				3F51786F2067F68800124FE1 /* CopyFiles */,
			);
			buildRules = (
			);
			dependencies = (
			);
			name = OCBattles;
			productName = OCBattles;
			productReference = 3F5178712067F68800124FE1 /* OCBattles */;
			productType = "com.apple.product-type.tool";
		};
/* End PBXNativeTarget section */

/* Begin PBXProject section */
		3F5178692067F68800124FE1 /* Project object */ = {
			isa = PBXProject;
			attributes = {
				LastSwiftUpdateCheck = 0920;
				LastUpgradeCheck = 0930;
				ORGANIZATIONNAME = "WILLY Falone Kouadio";
				TargetAttributes = {
					3F5178702067F68800124FE1 = {
						CreatedOnToolsVersion = 9.2;
						ProvisioningStyle = Automatic;
					};
				};
			};
			buildConfigurationList = 3F51786C2067F68800124FE1 /* Build configuration list for PBXProject "OCBattles" */;
			compatibilityVersion = "Xcode 8.0";
			developmentRegion = en;
			hasScannedForEncodings = 0;
			knownRegions = (
				en,
			);
			mainGroup = 3F5178682067F68800124FE1;
			productRefGroup = 3F5178722067F68800124FE1 /* Products */;
			projectDirPath = "";
			projectRoot = "";
			targets = (
				3F5178702067F68800124FE1 /* OCBattles */,
			);
		};
/* End PBXProject section */

/* Begin PBXSourcesBuildPhase section */
		3F51786D2067F68800124FE1 /* Sources */ = {
			isa = PBXSourcesBuildPhase;
			buildActionMask = 2147483647;
			files = (
				3F9DFF182078603300516660 /* WeaponCare.swift in Sources */,
				3F9DFF0C2075B2D700516660 /* Attacker.swift in Sources */,
				3F9DFF042075395100516660 /* Personage.swift in Sources */,
				3FFC891F2074372A008391E5 /* Menu.swift in Sources */,
				3FFC891D20742354008391E5 /* Game.swift in Sources */,
				3F5178752067F68800124FE1 /* main.swift in Sources */,
				3F9DFF0220752D1600516660 /* Constants.swift in Sources */,
				3F9DFF1220761FBA00516660 /* PersonageHealer.swift in Sources */,
				3F9DFF1020761EAB00516660 /* PersonageAttacker.swift in Sources */,
				3F9DFF1620785FEE00516660 /* WeaponAttack.swift in Sources */,
				3F9DFF082075AF9700516660 /* Weapon.swift in Sources */,
				3F9DFF0E2075B3DA00516660 /* Healer.swift in Sources */,
			);
			runOnlyForDeploymentPostprocessing = 0;
		};
/* End PBXSourcesBuildPhase section */

/* Begin XCBuildConfiguration section */
		3F5178762067F68800124FE1 /* Debug */ = {
			isa = XCBuildConfiguration;
			buildSettings = {
				ALWAYS_SEARCH_USER_PATHS = NO;
				CLANG_ANALYZER_NONNULL = YES;
				CLANG_ANALYZER_NUMBER_OBJECT_CONVERSION = YES_AGGRESSIVE;
				CLANG_CXX_LANGUAGE_STANDARD = "gnu++14";
				CLANG_CXX_LIBRARY = "libc++";
				CLANG_ENABLE_MODULES = YES;
				CLANG_ENABLE_OBJC_ARC = YES;
				CLANG_WARN_BLOCK_CAPTURE_AUTORELEASING = YES;
				CLANG_WARN_BOOL_CONVERSION = YES;
				CLANG_WARN_COMMA = YES;
				CLANG_WARN_CONSTANT_CONVERSION = YES;
				CLANG_WARN_DEPRECATED_OBJC_IMPLEMENTATIONS = YES;
				CLANG_WARN_DIRECT_OBJC_ISA_USAGE = YES_ERROR;
				CLANG_WARN_DOCUMENTATION_COMMENTS = YES;
				CLANG_WARN_EMPTY_BODY = YES;
				CLANG_WARN_ENUM_CONVERSION = YES;
				CLANG_WARN_INFINITE_RECURSION = YES;
				CLANG_WARN_INT_CONVERSION = YES;
				CLANG_WARN_NON_LITERAL_NULL_CONVERSION = YES;
				CLANG_WARN_OBJC_IMPLICIT_RETAIN_SELF = YES;
				CLANG_WARN_OBJC_LITERAL_CONVERSION = YES;
				CLANG_WARN_OBJC_ROOT_CLASS = YES_ERROR;
				CLANG_WARN_RANGE_LOOP_ANALYSIS = YES;
				CLANG_WARN_STRICT_PROTOTYPES = YES;
				CLANG_WARN_SUSPICIOUS_MOVE = YES;
				CLANG_WARN_UNGUARDED_AVAILABILITY = YES_AGGRESSIVE;
				CLANG_WARN_UNREACHABLE_CODE = YES;
				CLANG_WARN__DUPLICATE_METHOD_MATCH = YES;
				CODE_SIGN_IDENTITY = "Mac Developer";
				COPY_PHASE_STRIP = NO;
				DEBUG_INFORMATION_FORMAT = dwarf;
				ENABLE_STRICT_OBJC_MSGSEND = YES;
				ENABLE_TESTABILITY = YES;
				GCC_C_LANGUAGE_STANDARD = gnu11;
				GCC_DYNAMIC_NO_PIC = NO;
				GCC_NO_COMMON_BLOCKS = YES;
				GCC_OPTIMIZATION_LEVEL = 0;
				GCC_PREPROCESSOR_DEFINITIONS = (
					"DEBUG=1",
					"$(inherited)",
				);
				GCC_WARN_64_TO_32_BIT_CONVERSION = YES;
				GCC_WARN_ABOUT_RETURN_TYPE = YES_ERROR;
				GCC_WARN_UNDECLARED_SELECTOR = YES;
				GCC_WARN_UNINITIALIZED_AUTOS = YES_AGGRESSIVE;
				GCC_WARN_UNUSED_FUNCTION = YES;
				GCC_WARN_UNUSED_VARIABLE = YES;
				MACOSX_DEPLOYMENT_TARGET = 10.13;
				MTL_ENABLE_DEBUG_INFO = YES;
				ONLY_ACTIVE_ARCH = YES;
				SDKROOT = macosx;
				SWIFT_ACTIVE_COMPILATION_CONDITIONS = DEBUG;
				SWIFT_OPTIMIZATION_LEVEL = "-Onone";
			};
			name = Debug;
		};
		3F5178772067F68800124FE1 /* Release */ = {
			isa = XCBuildConfiguration;
			buildSettings = {
				ALWAYS_SEARCH_USER_PATHS = NO;
				CLANG_ANALYZER_NONNULL = YES;
				CLANG_ANALYZER_NUMBER_OBJECT_CONVERSION = YES_AGGRESSIVE;
				CLANG_CXX_LANGUAGE_STANDARD = "gnu++14";
				CLANG_CXX_LIBRARY = "libc++";
				CLANG_ENABLE_MODULES = YES;
				CLANG_ENABLE_OBJC_ARC = YES;
				CLANG_WARN_BLOCK_CAPTURE_AUTORELEASING = YES;
				CLANG_WARN_BOOL_CONVERSION = YES;
				CLANG_WARN_COMMA = YES;
				CLANG_WARN_CONSTANT_CONVERSION = YES;
				CLANG_WARN_DEPRECATED_OBJC_IMPLEMENTATIONS = YES;
				CLANG_WARN_DIRECT_OBJC_ISA_USAGE = YES_ERROR;
				CLANG_WARN_DOCUMENTATION_COMMENTS = YES;
				CLANG_WARN_EMPTY_BODY = YES;
				CLANG_WARN_ENUM_CONVERSION = YES;
				CLANG_WARN_INFINITE_RECURSION = YES;
				CLANG_WARN_INT_CONVERSION = YES;
				CLANG_WARN_NON_LITERAL_NULL_CONVERSION = YES;
				CLANG_WARN_OBJC_IMPLICIT_RETAIN_SELF = YES;
				CLANG_WARN_OBJC_LITERAL_CONVERSION = YES;
				CLANG_WARN_OBJC_ROOT_CLASS = YES_ERROR;
				CLANG_WARN_RANGE_LOOP_ANALYSIS = YES;
				CLANG_WARN_STRICT_PROTOTYPES = YES;
				CLANG_WARN_SUSPICIOUS_MOVE = YES;
				CLANG_WARN_UNGUARDED_AVAILABILITY = YES_AGGRESSIVE;
				CLANG_WARN_UNREACHABLE_CODE = YES;
				CLANG_WARN__DUPLICATE_METHOD_MATCH = YES;
				CODE_SIGN_IDENTITY = "Mac Developer";
				COPY_PHASE_STRIP = NO;
				DEBUG_INFORMATION_FORMAT = "dwarf-with-dsym";
				ENABLE_NS_ASSERTIONS = NO;
				ENABLE_STRICT_OBJC_MSGSEND = YES;
				GCC_C_LANGUAGE_STANDARD = gnu11;
				GCC_NO_COMMON_BLOCKS = YES;
				GCC_WARN_64_TO_32_BIT_CONVERSION = YES;
				GCC_WARN_ABOUT_RETURN_TYPE = YES_ERROR;
				GCC_WARN_UNDECLARED_SELECTOR = YES;
				GCC_WARN_UNINITIALIZED_AUTOS = YES_AGGRESSIVE;
				GCC_WARN_UNUSED_FUNCTION = YES;
				GCC_WARN_UNUSED_VARIABLE = YES;
				MACOSX_DEPLOYMENT_TARGET = 10.13;
				MTL_ENABLE_DEBUG_INFO = NO;
				SDKROOT = macosx;
				SWIFT_OPTIMIZATION_LEVEL = "-Owholemodule";
			};
			name = Release;
		};
		3F5178792067F68800124FE1 /* Debug */ = {
			isa = XCBuildConfiguration;
			buildSettings = {
				CODE_SIGN_STYLE = Automatic;
				DEVELOPMENT_TEAM = 7NMCB4U78A;
				PRODUCT_NAME = "$(TARGET_NAME)";
				SWIFT_VERSION = 4.0;
			};
			name = Debug;
		};
		3F51787A2067F68800124FE1 /* Release */ = {
			isa = XCBuildConfiguration;
			buildSettings = {
				CODE_SIGN_STYLE = Automatic;
				DEVELOPMENT_TEAM = 7NMCB4U78A;
				PRODUCT_NAME = "$(TARGET_NAME)";
				SWIFT_VERSION = 4.0;
			};
			name = Release;
		};
/* End XCBuildConfiguration section */

/* Begin XCConfigurationList section */
		3F51786C2067F68800124FE1 /* Build configuration list for PBXProject "OCBattles" */ = {
			isa = XCConfigurationList;
			buildConfigurations = (
				3F5178762067F68800124FE1 /* Debug */,
				3F5178772067F68800124FE1 /* Release */,
			);
			defaultConfigurationIsVisible = 0;
			defaultConfigurationName = Release;
		};
		3F5178782067F68800124FE1 /* Build configuration list for PBXNativeTarget "OCBattles" */ = {
			isa = XCConfigurationList;
			buildConfigurations = (
				3F5178792067F68800124FE1 /* Debug */,
				3F51787A2067F68800124FE1 /* Release */,
			);
			defaultConfigurationIsVisible = 0;
			defaultConfigurationName = Release;
		};
/* End XCConfigurationList section */
	};
	rootObject = 3F5178692067F68800124FE1 /* Project object */;
}
